
Microsoft Visual Studio Solution File, Format Version 12.00
# Visual Studio 14
VisualStudioVersion = 14.0.25420.1
MinimumVisualStudioVersion = 10.0.40219.1
Project("{8BC9CEB8-8B4A-11D0-8D11-00A0C91BC942}") = "partageable", "partageable\partageable.vcxproj", "{F6B61D36-AC7D-4BA3-B0E1-396B3EEBE9C7}"
	ProjectSection(ProjectDependencies) = postProject
		{38791A35-6BDD-42B2-873F-621244FB3426} = {38791A35-6BDD-42B2-873F-621244FB3426}
		{5001BDBB-2E45-485A-AB91-0C9770A413BC} = {5001BDBB-2E45-485A-AB91-0C9770A413BC}
	EndProjectSection
EndProject
Project("{8BC9CEB8-8B4A-11D0-8D11-00A0C91BC942}") = "Composant1", "Composant1\Composant1.vcxproj", "{5001BDBB-2E45-485A-AB91-0C9770A413BC}"
EndProject
Project("{8BC9CEB8-8B4A-11D0-8D11-00A0C91BC942}") = "Composant2", "Composant2\Composant2.vcxproj", "{38791A35-6BDD-42B2-873F-621244FB3426}"
EndProject
Global
	GlobalSection(SolutionConfigurationPlatforms) = preSolution
		Debug|x64 = Debug|x64
		Release|x64 = Release|x64
	EndGlobalSection
	GlobalSection(ProjectConfigurationPlatforms) = postSolution
		{F6B61D36-AC7D-4BA3-B0E1-396B3EEBE9C7}.Debug|x64.ActiveCfg = Debug|x64
		{F6B61D36-AC7D-4BA3-B0E1-396B3EEBE9C7}.Debug|x64.Build.0 = Debug|x64
		{F6B61D36-AC7D-4BA3-B0E1-396B3EEBE9C7}.Release|x64.ActiveCfg = Release|x64
		{F6B61D36-AC7D-4BA3-B0E1-396B3EEBE9C7}.Release|x64.Build.0 = Release|x64
		{5001BDBB-2E45-485A-AB91-0C9770A413BC}.Debug|x64.ActiveCfg = Debug|x64
		{5001BDBB-2E45-485A-AB91-0C9770A413BC}.Debug|x64.Build.0 = Debug|x64
		{5001BDBB-2E45-485A-AB91-0C9770A413BC}.Release|x64.ActiveCfg = Release|x64
		{5001BDBB-2E45-485A-AB91-0C9770A413BC}.Release|x64.Build.0 = Release|x64
		{38791A35-6BDD-42B2-873F-621244FB3426}.Debug|x64.ActiveCfg = Debug|x64
		{38791A35-6BDD-42B2-873F-621244FB3426}.Debug|x64.Build.0 = Debug|x64
		{38791A35-6BDD-42B2-873F-621244FB3426}.Release|x64.ActiveCfg = Release|x64
		{38791A35-6BDD-42B2-873F-621244FB3426}.Release|x64.Build.0 = Release|x64
	EndGlobalSection
	GlobalSection(SolutionProperties) = preSolution
		HideSolutionNode = FALSE
	EndGlobalSection
EndGlobal
